
Microsoft Visual Studio Solution File, Format Version 11.00
# Visual Studio 2010
Project("{FAE04EC0-301F-11D3-BF4B-00C04F79EFBC}") = "ServiceHostApplication", "ServiceHostApplication\ServiceHostApplication.csproj", "{1AC2C5A0-CE56-4896-801B-A60A4A1992EB}"
EndProject
Project("{FAE04EC0-301F-11D3-BF4B-00C04F79EFBC}") = "ServiceContracts", "ServiceContracts\ServiceContracts.csproj", "{BF0513BC-7A96-46B8-BD23-A0C8B953B732}"
EndProject
Project("{FAE04EC0-301F-11D3-BF4B-00C04F79EFBC}") = "ServiceClientApplication", "ServiceClientApplication\ServiceClientApplication.csproj", "{1DE69639-14AE-423A-8E8D-39A2B6761EF1}"
EndProject
Global
	GlobalSection(SolutionConfigurationPlatforms) = preSolution
		Debug|Any CPU = Debug|Any CPU
		Debug|Mixed Platforms = Debug|Mixed Platforms
		Debug|x86 = Debug|x86
		Release|Any CPU = Release|Any CPU
		Release|Mixed Platforms = Release|Mixed Platforms
		Release|x86 = Release|x86
	EndGlobalSection
	GlobalSection(ProjectConfigurationPlatforms) = postSolution
		{1AC2C5A0-CE56-4896-801B-A60A4A1992EB}.Debug|Any CPU.ActiveCfg = Debug|x86
		{1AC2C5A0-CE56-4896-801B-A60A4A1992EB}.Debug|Mixed Platforms.ActiveCfg = Debug|x86
		{1AC2C5A0-CE56-4896-801B-A60A4A1992EB}.Debug|Mixed Platforms.Build.0 = Debug|x86
		{1AC2C5A0-CE56-4896-801B-A60A4A1992EB}.Debug|x86.ActiveCfg = Debug|x86
		{1AC2C5A0-CE56-4896-801B-A60A4A1992EB}.Debug|x86.Build.0 = Debug|x86
		{1AC2C5A0-CE56-4896-801B-A60A4A1992EB}.Release|Any CPU.ActiveCfg = Release|x86
		{1AC2C5A0-CE56-4896-801B-A60A4A1992EB}.Release|Mixed Platforms.ActiveCfg = Release|x86
		{1AC2C5A0-CE56-4896-801B-A60A4A1992EB}.Release|Mixed Platforms.Build.0 = Release|x86
		{1AC2C5A0-CE56-4896-801B-A60A4A1992EB}.Release|x86.ActiveCfg = Release|x86
		{1AC2C5A0-CE56-4896-801B-A60A4A1992EB}.Release|x86.Build.0 = Release|x86
		{BF0513BC-7A96-46B8-BD23-A0C8B953B732}.Debug|Any CPU.ActiveCfg = Debug|Any CPU
		{BF0513BC-7A96-46B8-BD23-A0C8B953B732}.Debug|Any CPU.Build.0 = Debug|Any CPU
		{BF0513BC-7A96-46B8-BD23-A0C8B953B732}.Debug|Mixed Platforms.ActiveCfg = Debug|Any CPU
		{BF0513BC-7A96-46B8-BD23-A0C8B953B732}.Debug|Mixed Platforms.Build.0 = Debug|Any CPU
		{BF0513BC-7A96-46B8-BD23-A0C8B953B732}.Debug|x86.ActiveCfg = Debug|Any CPU
		{BF0513BC-7A96-46B8-BD23-A0C8B953B732}.Release|Any CPU.ActiveCfg = Release|Any CPU
		{BF0513BC-7A96-46B8-BD23-A0C8B953B732}.Release|Any CPU.Build.0 = Release|Any CPU
		{BF0513BC-7A96-46B8-BD23-A0C8B953B732}.Release|Mixed Platforms.ActiveCfg = Release|Any CPU
		{BF0513BC-7A96-46B8-BD23-A0C8B953B732}.Release|Mixed Platforms.Build.0 = Release|Any CPU
		{BF0513BC-7A96-46B8-BD23-A0C8B953B732}.Release|x86.ActiveCfg = Release|Any CPU
		{1DE69639-14AE-423A-8E8D-39A2B6761EF1}.Debug|Any CPU.ActiveCfg = Debug|x86
		{1DE69639-14AE-423A-8E8D-39A2B6761EF1}.Debug|Mixed Platforms.ActiveCfg = Debug|x86
		{1DE69639-14AE-423A-8E8D-39A2B6761EF1}.Debug|Mixed Platforms.Build.0 = Debug|x86
		{1DE69639-14AE-423A-8E8D-39A2B6761EF1}.Debug|x86.ActiveCfg = Debug|x86
		{1DE69639-14AE-423A-8E8D-39A2B6761EF1}.Debug|x86.Build.0 = Debug|x86
		{1DE69639-14AE-423A-8E8D-39A2B6761EF1}.Release|Any CPU.ActiveCfg = Release|x86
		{1DE69639-14AE-423A-8E8D-39A2B6761EF1}.Release|Mixed Platforms.ActiveCfg = Release|x86
		{1DE69639-14AE-423A-8E8D-39A2B6761EF1}.Release|Mixed Platforms.Build.0 = Release|x86
		{1DE69639-14AE-423A-8E8D-39A2B6761EF1}.Release|x86.ActiveCfg = Release|x86
		{1DE69639-14AE-423A-8E8D-39A2B6761EF1}.Release|x86.Build.0 = Release|x86
	EndGlobalSection
	GlobalSection(SolutionProperties) = preSolution
		HideSolutionNode = FALSE
	EndGlobalSection
EndGlobal
